<Solution>
  <Folder Name="/Solution Items/">
    <File Path="MyScript.txt" />
  </Folder>
  <Project Path="CoffeeShop.API/CoffeeShop.API.csproj" />
  <Project Path="CoffeeShop.Application/CoffeeShop.Application.csproj" />
  <Project Path="CoffeeShop.Domain/CoffeeShop.Domain.csproj" />
  <Project Path="CoffeeShop.Infrastructure/CoffeeShop.Infrastructure.csproj" />
</Solution>
